// !$*UTF8*$!
{
	archiveVersion = 1;
	classes = {
	};
	objectVersion = 56;
	objects = {

/* Begin PBXBuildFile section */
		A10001 /* OpenWhisprApp.swift in Sources */ = {isa = PBXBuildFile; fileRef = B10001 /* OpenWhisprApp.swift */; };
		A10002 /* AppDelegate.swift in Sources */ = {isa = PBXBuildFile; fileRef = B10002 /* AppDelegate.swift */; };
		A10003 /* AudioRecorder.swift in Sources */ = {isa = PBXBuildFile; fileRef = B10003 /* AudioRecorder.swift */; };
		A10004 /* Transcriber.swift in Sources */ = {isa = PBXBuildFile; fileRef = B10004 /* Transcriber.swift */; };
		A10005 /* PillWindow.swift in Sources */ = {isa = PBXBuildFile; fileRef = B10005 /* PillWindow.swift */; };
		A10006 /* HistoryStore.swift in Sources */ = {isa = PBXBuildFile; fileRef = B10006 /* HistoryStore.swift */; };
		A10007 /* HistoryView.swift in Sources */ = {isa = PBXBuildFile; fileRef = B10007 /* HistoryView.swift */; };
		A10008 /* SettingsView.swift in Sources */ = {isa = PBXBuildFile; fileRef = B10008 /* SettingsView.swift */; };
		A10009 /* WhisperKit in Frameworks */ = {isa = PBXBuildFile; productRef = D10001 /* WhisperKit */; };
		A10010 /* TextProcessor.swift in Sources */ = {isa = PBXBuildFile; fileRef = B10011 /* TextProcessor.swift */; };
		A10012 /* VoiceActivityDetector.swift in Sources */ = {isa = PBXBuildFile; fileRef = B10012 /* VoiceActivityDetector.swift */; };
		A10013 /* ToneManager.swift in Sources */ = {isa = PBXBuildFile; fileRef = B10013 /* ToneManager.swift */; };
		A10014 /* OnboardingView.swift in Sources */ = {isa = PBXBuildFile; fileRef = B10014 /* OnboardingView.swift */; };
		A10015 /* DictionaryStore.swift in Sources */ = {isa = PBXBuildFile; fileRef = B10015 /* DictionaryStore.swift */; };
		A10016 /* UnifiedWindowController.swift in Sources */ = {isa = PBXBuildFile; fileRef = B10016 /* UnifiedWindowController.swift */; };
		A10017 /* SidebarView.swift in Sources */ = {isa = PBXBuildFile; fileRef = B10017 /* SidebarView.swift */; };
		A10018 /* MainAppView.swift in Sources */ = {isa = PBXBuildFile; fileRef = B10018 /* MainAppView.swift */; };
		BD09B5492F5A73D70041206C /* SwiftLlama in Frameworks */ = {isa = PBXBuildFile; productRef = BD09B5482F5A73D70041206C /* SwiftLlama */; };
		BD09B54E2F5A76CE0041206C /* qwen3-0.6b-q4_k_m.gguf in Resources */ = {isa = PBXBuildFile; fileRef = BD09B54D2F5A76CE0041206C /* qwen3-0.6b-q4_k_m.gguf */; };
		A10019 /* Assets.xcassets in Resources */ = {isa = PBXBuildFile; fileRef = B10019 /* Assets.xcassets */; };
		A10020 /* Theme.swift in Sources */ = {isa = PBXBuildFile; fileRef = B10020 /* Theme.swift */; };
		A10021 /* LocalModelStore.swift in Sources */ = {isa = PBXBuildFile; fileRef = B10021 /* LocalModelStore.swift */; };
		A20001 /* HistoryStoreUsageStatisticsTests.swift in Sources */ = {isa = PBXBuildFile; fileRef = B20001 /* HistoryStoreUsageStatisticsTests.swift */; };
		A20002 /* LocalModelStoreTests.swift in Sources */ = {isa = PBXBuildFile; fileRef = B20002 /* LocalModelStoreTests.swift */; };
/* End PBXBuildFile section */

/* Begin PBXContainerItemProxy section */
		CP20001 /* PBXContainerItemProxy */ = {
			isa = PBXContainerItemProxy;
			containerPortal = P10001 /* Project object */;
			proxyType = 1;
			remoteGlobalIDString = T10001;
			remoteInfo = OpenWhispr;
		};
/* End PBXContainerItemProxy section */

/* Begin PBXFileReference section */
		B10001 /* OpenWhisprApp.swift */ = {isa = PBXFileReference; lastKnownFileType = sourcecode.swift; path = OpenWhisprApp.swift; sourceTree = "<group>"; };
		B10002 /* AppDelegate.swift */ = {isa = PBXFileReference; lastKnownFileType = sourcecode.swift; path = AppDelegate.swift; sourceTree = "<group>"; };
		B10003 /* AudioRecorder.swift */ = {isa = PBXFileReference; lastKnownFileType = sourcecode.swift; path = AudioRecorder.swift; sourceTree = "<group>"; };
		B10004 /* Transcriber.swift */ = {isa = PBXFileReference; lastKnownFileType = sourcecode.swift; path = Transcriber.swift; sourceTree = "<group>"; };
		B10005 /* PillWindow.swift */ = {isa = PBXFileReference; lastKnownFileType = sourcecode.swift; path = PillWindow.swift; sourceTree = "<group>"; };
		B10006 /* HistoryStore.swift */ = {isa = PBXFileReference; lastKnownFileType = sourcecode.swift; path = HistoryStore.swift; sourceTree = "<group>"; };
		B10007 /* HistoryView.swift */ = {isa = PBXFileReference; lastKnownFileType = sourcecode.swift; path = HistoryView.swift; sourceTree = "<group>"; };
		B10008 /* SettingsView.swift */ = {isa = PBXFileReference; lastKnownFileType = sourcecode.swift; path = SettingsView.swift; sourceTree = "<group>"; };
		B10009 /* Info.plist */ = {isa = PBXFileReference; lastKnownFileType = text.plist.xml; path = Info.plist; sourceTree = "<group>"; };
		B10010 /* OpenWhispr.entitlements */ = {isa = PBXFileReference; lastKnownFileType = text.plist.entitlements; path = OpenWhispr.entitlements; sourceTree = "<group>"; };
		B10011 /* TextProcessor.swift */ = {isa = PBXFileReference; lastKnownFileType = sourcecode.swift; path = TextProcessor.swift; sourceTree = "<group>"; };
		B10012 /* VoiceActivityDetector.swift */ = {isa = PBXFileReference; lastKnownFileType = sourcecode.swift; path = VoiceActivityDetector.swift; sourceTree = "<group>"; };
		B10013 /* ToneManager.swift */ = {isa = PBXFileReference; lastKnownFileType = sourcecode.swift; path = ToneManager.swift; sourceTree = "<group>"; };
		B10014 /* OnboardingView.swift */ = {isa = PBXFileReference; lastKnownFileType = sourcecode.swift; path = OnboardingView.swift; sourceTree = "<group>"; };
		B10015 /* DictionaryStore.swift */ = {isa = PBXFileReference; lastKnownFileType = sourcecode.swift; path = DictionaryStore.swift; sourceTree = "<group>"; };
		B10016 /* UnifiedWindowController.swift */ = {isa = PBXFileReference; lastKnownFileType = sourcecode.swift; path = UnifiedWindowController.swift; sourceTree = "<group>"; };
		B10017 /* SidebarView.swift */ = {isa = PBXFileReference; lastKnownFileType = sourcecode.swift; path = SidebarView.swift; sourceTree = "<group>"; };
		B10018 /* MainAppView.swift */ = {isa = PBXFileReference; lastKnownFileType = sourcecode.swift; path = MainAppView.swift; sourceTree = "<group>"; };
		BD09B54D2F5A76CE0041206C /* qwen3-0.6b-q4_k_m.gguf */ = {isa = PBXFileReference; lastKnownFileType = file; path = "qwen3-0.6b-q4_k_m.gguf"; sourceTree = "<group>"; };
		B10019 /* Assets.xcassets */ = {isa = PBXFileReference; lastKnownFileType = folder.assetcatalog; path = Assets.xcassets; sourceTree = "<group>"; };
		B10020 /* Theme.swift */ = {isa = PBXFileReference; lastKnownFileType = sourcecode.swift; path = Theme.swift; sourceTree = "<group>"; };
		B10021 /* LocalModelStore.swift */ = {isa = PBXFileReference; lastKnownFileType = sourcecode.swift; path = LocalModelStore.swift; sourceTree = "<group>"; };
		B20001 /* HistoryStoreUsageStatisticsTests.swift */ = {isa = PBXFileReference; lastKnownFileType = sourcecode.swift; path = HistoryStoreUsageStatisticsTests.swift; sourceTree = "<group>"; };
		B20002 /* LocalModelStoreTests.swift */ = {isa = PBXFileReference; lastKnownFileType = sourcecode.swift; path = LocalModelStoreTests.swift; sourceTree = "<group>"; };
		C10001 /* OpenWhispr.app */ = {isa = PBXFileReference; explicitFileType = wrapper.application; includeInIndex = 0; path = OpenWhispr.app; sourceTree = BUILT_PRODUCTS_DIR; };
		C20001 /* OpenWhisprTests.xctest */ = {isa = PBXFileReference; explicitFileType = wrapper.cfbundle; includeInIndex = 0; path = OpenWhisprTests.xctest; sourceTree = BUILT_PRODUCTS_DIR; };
/* End PBXFileReference section */

/* Begin PBXFrameworksBuildPhase section */
		F10001 /* Frameworks */ = {
			isa = PBXFrameworksBuildPhase;
			buildActionMask = 2147483647;
			files = (
				BD09B5492F5A73D70041206C /* SwiftLlama in Frameworks */,
				A10009 /* WhisperKit in Frameworks */,
			);
			runOnlyForDeploymentPostprocessing = 0;
		};
		F20001 /* Frameworks */ = {
			isa = PBXFrameworksBuildPhase;
			buildActionMask = 2147483647;
			files = (
			);
			runOnlyForDeploymentPostprocessing = 0;
		};
/* End PBXFrameworksBuildPhase section */

/* Begin PBXGroup section */
		G10001 = {
			isa = PBXGroup;
			children = (
				G10002 /* OpenWhispr */,
				G20001 /* OpenWhisprTests */,
				G10003 /* Products */,
				BD09B54D2F5A76CE0041206C /* qwen3-0.6b-q4_k_m.gguf */,
			);
			sourceTree = "<group>";
		};
		G10002 /* OpenWhispr */ = {
			isa = PBXGroup;
			children = (
				B10001 /* OpenWhisprApp.swift */,
				B10002 /* AppDelegate.swift */,
				B10003 /* AudioRecorder.swift */,
				B10004 /* Transcriber.swift */,
				B10005 /* PillWindow.swift */,
				B10006 /* HistoryStore.swift */,
				B10007 /* HistoryView.swift */,
				B10008 /* SettingsView.swift */,
				B10011 /* TextProcessor.swift */,
				B10012 /* VoiceActivityDetector.swift */,
				B10013 /* ToneManager.swift */,
				B10014 /* OnboardingView.swift */,
				B10015 /* DictionaryStore.swift */,
				B10016 /* UnifiedWindowController.swift */,
				B10017 /* SidebarView.swift */,
				B10018 /* MainAppView.swift */,
				B10020 /* Theme.swift */,
				B10021 /* LocalModelStore.swift */,
				B10019 /* Assets.xcassets */,
				B10009 /* Info.plist */,
				B10010 /* OpenWhispr.entitlements */,
			);
			path = OpenWhispr;
			sourceTree = "<group>";
		};
		G10003 /* Products */ = {
			isa = PBXGroup;
			children = (
				C10001 /* OpenWhispr.app */,
				C20001 /* OpenWhisprTests.xctest */,
			);
			name = Products;
			sourceTree = "<group>";
		};
		G20001 /* OpenWhisprTests */ = {
			isa = PBXGroup;
			children = (
				B20001 /* HistoryStoreUsageStatisticsTests.swift */,
				B20002 /* LocalModelStoreTests.swift */,
			);
			path = OpenWhisprTests;
			sourceTree = "<group>";
		};
/* End PBXGroup section */

/* Begin PBXNativeTarget section */
		T10001 /* OpenWhispr */ = {
			isa = PBXNativeTarget;
			buildConfigurationList = X10003 /* Build configuration list for PBXNativeTarget "OpenWhispr" */;
			buildPhases = (
				S10001 /* Sources */,
				F10001 /* Frameworks */,
				BD09B54B2F5A74D60041206C /* Resources */,
			);
			buildRules = (
			);
			dependencies = (
			);
			name = OpenWhispr;
			packageProductDependencies = (
				D10001 /* WhisperKit */,
				BD09B5482F5A73D70041206C /* SwiftLlama */,
			);
			productName = OpenWhispr;
			productReference = C10001 /* OpenWhispr.app */;
			productType = "com.apple.product-type.application";
		};
		T20001 /* OpenWhisprTests */ = {
			isa = PBXNativeTarget;
			buildConfigurationList = X20003 /* Build configuration list for PBXNativeTarget "OpenWhisprTests" */;
			buildPhases = (
				S20001 /* Sources */,
				F20001 /* Frameworks */,
			);
			buildRules = (
			);
			dependencies = (
				TD20001 /* PBXTargetDependency */,
			);
			name = OpenWhisprTests;
			productName = OpenWhisprTests;
			productReference = C20001 /* OpenWhisprTests.xctest */;
			productType = "com.apple.product-type.bundle.unit-test";
		};
/* End PBXNativeTarget section */

/* Begin PBXProject section */
		P10001 /* Project object */ = {
			isa = PBXProject;
			attributes = {
				BuildIndependentTargetsInParallel = 1;
				LastSwiftUpdateCheck = 1540;
				LastUpgradeCheck = 1540;
				TargetAttributes = {
					T20001 = {
						CreatedOnToolsVersion = 26.0;
						TestTargetID = T10001;
					};
				};
			};
			buildConfigurationList = X10001 /* Build configuration list for PBXProject "OpenWhispr" */;
			compatibilityVersion = "Xcode 14.0";
			developmentRegion = en;
			hasScannedForEncodings = 0;
			knownRegions = (
				en,
				Base,
			);
			mainGroup = G10001;
			packageReferences = (
				R10001 /* XCRemoteSwiftPackageReference "WhisperKit" */,
				BD09B5472F5A73D70041206C /* XCRemoteSwiftPackageReference "swift-llama-cpp" */,
			);
			productRefGroup = G10003 /* Products */;
			projectDirPath = "";
			projectRoot = "";
			targets = (
				T10001 /* OpenWhispr */,
				T20001 /* OpenWhisprTests */,
			);
		};
/* End PBXProject section */

/* Begin PBXResourcesBuildPhase section */
		BD09B54B2F5A74D60041206C /* Resources */ = {
			isa = PBXResourcesBuildPhase;
			buildActionMask = 2147483647;
			files = (
				BD09B54E2F5A76CE0041206C /* qwen3-0.6b-q4_k_m.gguf in Resources */,
				A10019 /* Assets.xcassets in Resources */,
			);
			runOnlyForDeploymentPostprocessing = 0;
		};
/* End PBXResourcesBuildPhase section */

/* Begin PBXSourcesBuildPhase section */
		S10001 /* Sources */ = {
			isa = PBXSourcesBuildPhase;
			buildActionMask = 2147483647;
			files = (
				A10001 /* OpenWhisprApp.swift in Sources */,
				A10002 /* AppDelegate.swift in Sources */,
				A10003 /* AudioRecorder.swift in Sources */,
				A10004 /* Transcriber.swift in Sources */,
				A10005 /* PillWindow.swift in Sources */,
				A10006 /* HistoryStore.swift in Sources */,
				A10007 /* HistoryView.swift in Sources */,
				A10008 /* SettingsView.swift in Sources */,
				A10010 /* TextProcessor.swift in Sources */,
				A10012 /* VoiceActivityDetector.swift in Sources */,
				A10013 /* ToneManager.swift in Sources */,
				A10014 /* OnboardingView.swift in Sources */,
				A10015 /* DictionaryStore.swift in Sources */,
				A10016 /* UnifiedWindowController.swift in Sources */,
				A10017 /* SidebarView.swift in Sources */,
				A10018 /* MainAppView.swift in Sources */,
				A10020 /* Theme.swift in Sources */,
				A10021 /* LocalModelStore.swift in Sources */,
			);
			runOnlyForDeploymentPostprocessing = 0;
		};
		S20001 /* Sources */ = {
			isa = PBXSourcesBuildPhase;
			buildActionMask = 2147483647;
			files = (
				A20001 /* HistoryStoreUsageStatisticsTests.swift in Sources */,
				A20002 /* LocalModelStoreTests.swift in Sources */,
			);
			runOnlyForDeploymentPostprocessing = 0;
		};
/* End PBXSourcesBuildPhase section */

/* Begin PBXTargetDependency section */
		TD20001 /* PBXTargetDependency */ = {
			isa = PBXTargetDependency;
			target = T10001 /* OpenWhispr */;
			targetProxy = CP20001 /* PBXContainerItemProxy */;
		};
/* End PBXTargetDependency section */

/* Begin XCBuildConfiguration section */
		X10D01 /* Debug */ = {
			isa = XCBuildConfiguration;
			buildSettings = {
				ALWAYS_SEARCH_USER_PATHS = NO;
				CLANG_ANALYZER_NONNULL = YES;
				CLANG_CXX_LANGUAGE_STANDARD = "gnu++20";
				CLANG_ENABLE_MODULES = YES;
				CLANG_ENABLE_OBJC_ARC = YES;
				COPY_PHASE_STRIP = NO;
				DEBUG_INFORMATION_FORMAT = dwarf;
				ENABLE_STRICT_OBJC_MSGSEND = YES;
				ENABLE_TESTABILITY = YES;
				GCC_DYNAMIC_NO_PIC = NO;
				GCC_OPTIMIZATION_LEVEL = 0;
				GCC_PREPROCESSOR_DEFINITIONS = (
					"DEBUG=1",
					"$(inherited)",
				);
				MACOSX_DEPLOYMENT_TARGET = 14.0;
				MTL_ENABLE_DEBUG_INFO = INCLUDE_SOURCE;
				ONLY_ACTIVE_ARCH = YES;
				SDKROOT = macosx;
				SWIFT_ACTIVE_COMPILATION_CONDITIONS = DEBUG;
				SWIFT_OPTIMIZATION_LEVEL = "-Onone";
			};
			name = Debug;
		};
		X10D02 /* Debug */ = {
			isa = XCBuildConfiguration;
			buildSettings = {
				ASSETCATALOG_COMPILER_APPICON_NAME = AppIcon;
				CODE_SIGN_ALLOW_ENTITLEMENTS_MODIFICATION = YES;
				CODE_SIGN_ENTITLEMENTS = OpenWhispr/OpenWhispr.entitlements;
				CODE_SIGN_STYLE = Automatic;
				COMBINE_HIDPI_IMAGES = YES;
				CURRENT_PROJECT_VERSION = 1;
				GENERATE_INFOPLIST_FILE = YES;
				INFOPLIST_FILE = OpenWhispr/Info.plist;
				INFOPLIST_KEY_LSUIElement = YES;
				INFOPLIST_KEY_NSMicrophoneUsageDescription = "OpenWhispr needs microphone access for speech-to-text dictation.";
				INFOPLIST_KEY_NSSpeechRecognitionUsageDescription = "OpenWhispr uses on-device speech recognition to transcribe your dictation.";
				LD_RUNPATH_SEARCH_PATHS = (
					"$(inherited)",
					"@executable_path/../Frameworks",
				);
				MARKETING_VERSION = 1.0;
				PRODUCT_BUNDLE_IDENTIFIER = dev.openwhispr.app;
				PRODUCT_NAME = "OpenWhispr";
				SWIFT_EMIT_LOC_STRINGS = YES;
				SWIFT_VERSION = 5.0;
			};
			name = Debug;
		};
		X10R01 /* Release */ = {
			isa = XCBuildConfiguration;
			buildSettings = {
				ALWAYS_SEARCH_USER_PATHS = NO;
				CLANG_ANALYZER_NONNULL = YES;
				CLANG_CXX_LANGUAGE_STANDARD = "gnu++20";
				CLANG_ENABLE_MODULES = YES;
				CLANG_ENABLE_OBJC_ARC = YES;
				COPY_PHASE_STRIP = NO;
				DEBUG_INFORMATION_FORMAT = "dwarf-with-dsym";
				ENABLE_NS_ASSERTIONS = NO;
				ENABLE_STRICT_OBJC_MSGSEND = YES;
				GCC_OPTIMIZATION_LEVEL = s;
				MACOSX_DEPLOYMENT_TARGET = 14.0;
				MTL_ENABLE_DEBUG_INFO = NO;
				SDKROOT = macosx;
				SWIFT_COMPILATION_MODE = wholemodule;
				SWIFT_OPTIMIZATION_LEVEL = "-O";
			};
			name = Release;
		};
		X10R02 /* Release */ = {
			isa = XCBuildConfiguration;
			buildSettings = {
				ASSETCATALOG_COMPILER_APPICON_NAME = AppIcon;
				CODE_SIGN_ALLOW_ENTITLEMENTS_MODIFICATION = YES;
				CODE_SIGN_ENTITLEMENTS = OpenWhispr/OpenWhispr.entitlements;
				CODE_SIGN_STYLE = Automatic;
				COMBINE_HIDPI_IMAGES = YES;
				CURRENT_PROJECT_VERSION = 1;
				GENERATE_INFOPLIST_FILE = YES;
				INFOPLIST_FILE = OpenWhispr/Info.plist;
				INFOPLIST_KEY_LSUIElement = YES;
				INFOPLIST_KEY_NSMicrophoneUsageDescription = "OpenWhispr needs microphone access for speech-to-text dictation.";
				INFOPLIST_KEY_NSSpeechRecognitionUsageDescription = "OpenWhispr uses on-device speech recognition to transcribe your dictation.";
				LD_RUNPATH_SEARCH_PATHS = (
					"$(inherited)",
					"@executable_path/../Frameworks",
				);
				MARKETING_VERSION = 1.0;
				PRODUCT_BUNDLE_IDENTIFIER = dev.openwhispr.app;
				PRODUCT_NAME = "OpenWhispr";
				SWIFT_EMIT_LOC_STRINGS = YES;
				SWIFT_VERSION = 5.0;
			};
			name = Release;
		};
		X20D02 /* Debug */ = {
			isa = XCBuildConfiguration;
			buildSettings = {
				BUNDLE_LOADER = "$(TEST_HOST)";
				CODE_SIGN_STYLE = Automatic;
				GENERATE_INFOPLIST_FILE = YES;
				LD_RUNPATH_SEARCH_PATHS = (
					"$(inherited)",
					"@executable_path/../Frameworks",
					"@loader_path/../Frameworks",
				);
				MACOSX_DEPLOYMENT_TARGET = 14.0;
				PRODUCT_BUNDLE_IDENTIFIER = dev.openwhispr.app.tests;
				PRODUCT_NAME = "$(TARGET_NAME)";
				SWIFT_VERSION = 5.0;
				TEST_HOST = "$(BUILT_PRODUCTS_DIR)/OpenWhispr.app/Contents/MacOS/OpenWhispr";
			};
			name = Debug;
		};
		X20R02 /* Release */ = {
			isa = XCBuildConfiguration;
			buildSettings = {
				BUNDLE_LOADER = "$(TEST_HOST)";
				CODE_SIGN_STYLE = Automatic;
				GENERATE_INFOPLIST_FILE = YES;
				LD_RUNPATH_SEARCH_PATHS = (
					"$(inherited)",
					"@executable_path/../Frameworks",
					"@loader_path/../Frameworks",
				);
				MACOSX_DEPLOYMENT_TARGET = 14.0;
				PRODUCT_BUNDLE_IDENTIFIER = dev.openwhispr.app.tests;
				PRODUCT_NAME = "$(TARGET_NAME)";
				SWIFT_VERSION = 5.0;
				TEST_HOST = "$(BUILT_PRODUCTS_DIR)/OpenWhispr.app/Contents/MacOS/OpenWhispr";
			};
			name = Release;
		};
/* End XCBuildConfiguration section */

/* Begin XCConfigurationList section */
		X10001 /* Build configuration list for PBXProject "OpenWhispr" */ = {
			isa = XCConfigurationList;
			buildConfigurations = (
				X10D01 /* Debug */,
				X10R01 /* Release */,
			);
			defaultConfigurationIsVisible = 0;
			defaultConfigurationName = Release;
		};
		X10003 /* Build configuration list for PBXNativeTarget "OpenWhispr" */ = {
			isa = XCConfigurationList;
			buildConfigurations = (
				X10D02 /* Debug */,
				X10R02 /* Release */,
			);
			defaultConfigurationIsVisible = 0;
			defaultConfigurationName = Release;
		};
		X20003 /* Build configuration list for PBXNativeTarget "OpenWhisprTests" */ = {
			isa = XCConfigurationList;
			buildConfigurations = (
				X20D02 /* Debug */,
				X20R02 /* Release */,
			);
			defaultConfigurationIsVisible = 0;
			defaultConfigurationName = Release;
		};
/* End XCConfigurationList section */

/* Begin XCRemoteSwiftPackageReference section */
		BD09B5472F5A73D70041206C /* XCRemoteSwiftPackageReference "swift-llama-cpp" */ = {
			isa = XCRemoteSwiftPackageReference;
			repositoryURL = "https://github.com/pgorzelany/swift-llama-cpp";
			requirement = {
				kind = upToNextMajorVersion;
				minimumVersion = 1.2.0;
			};
		};
		R10001 /* XCRemoteSwiftPackageReference "WhisperKit" */ = {
			isa = XCRemoteSwiftPackageReference;
			repositoryURL = "https://github.com/argmaxinc/WhisperKit.git";
			requirement = {
				kind = upToNextMajorVersion;
				minimumVersion = 0.9.4;
			};
		};
/* End XCRemoteSwiftPackageReference section */

/* Begin XCSwiftPackageProductDependency section */
		BD09B5482F5A73D70041206C /* SwiftLlama */ = {
			isa = XCSwiftPackageProductDependency;
			package = BD09B5472F5A73D70041206C /* XCRemoteSwiftPackageReference "swift-llama-cpp" */;
			productName = SwiftLlama;
		};
		D10001 /* WhisperKit */ = {
			isa = XCSwiftPackageProductDependency;
			package = R10001 /* XCRemoteSwiftPackageReference "WhisperKit" */;
			productName = WhisperKit;
		};
/* End XCSwiftPackageProductDependency section */
	};
	rootObject = P10001 /* Project object */;
}
